
Microsoft Visual Studio Solution File, Format Version 12.00
# Visual Studio Version 17
VisualStudioVersion = 17.4.32804.182
MinimumVisualStudioVersion = 10.0.40219.1
Project("{9A19103F-16F7-4668-BE54-9A1E7A4F7556}") = "Woomiibo", "Woomiibo\Woomiibo.csproj", "{28FFA787-52F2-47D5-A5D5-56CA6360BC2F}"
EndProject
Global
	GlobalSection(SolutionConfigurationPlatforms) = preSolution
		Debug|Any CPU = Debug|Any CPU
		Release|Any CPU = Release|Any CPU
	EndGlobalSection
	GlobalSection(ProjectConfigurationPlatforms) = postSolution
		{28FFA787-52F2-47D5-A5D5-56CA6360BC2F}.Debug|Any CPU.ActiveCfg = Debug|Any CPU
		{28FFA787-52F2-47D5-A5D5-56CA6360BC2F}.Debug|Any CPU.Build.0 = Debug|Any CPU
		{28FFA787-52F2-47D5-A5D5-56CA6360BC2F}.Release|Any CPU.ActiveCfg = Release|Any CPU
		{28FFA787-52F2-47D5-A5D5-56CA6360BC2F}.Release|Any CPU.Build.0 = Release|Any CPU
	EndGlobalSection
	GlobalSection(SolutionProperties) = preSolution
		HideSolutionNode = FALSE
	EndGlobalSection
	GlobalSection(ExtensibilityGlobals) = postSolution
		SolutionGuid = {5F5E9081-3BF5-438D-8A50-4DB6C3EF9E49}
	EndGlobalSection
EndGlobal
